
Microsoft Visual Studio Solution File, Format Version 12.00
# Visual Studio Version 16
VisualStudioVersion = 16.0.31025.194
MinimumVisualStudioVersion = 10.0.40219.1
Project("{9A19103F-16F7-4668-BE54-9A1E7A4F7556}") = "TheReplacements.PTA.Services.Core", "TheReplacements.PTA.Services.Core\TheReplacements.PTA.Services.Core.csproj", "{19DE7314-AADA-4386-86FD-DD65BFDC7EE0}"
EndProject
Project("{FAE04EC0-301F-11D3-BF4B-00C04F79EFBC}") = "TheReplacements.PTA.Common", "TheReplacements.PTA.Common\TheReplacements.PTA.Common.csproj", "{CA082826-74F3-4550-876E-0EB13FB3238E}"
EndProject
Global
	GlobalSection(SolutionConfigurationPlatforms) = preSolution
		Debug|Any CPU = Debug|Any CPU
		Debug|x64 = Debug|x64
		Release|Any CPU = Release|Any CPU
		Release|x64 = Release|x64
	EndGlobalSection
	GlobalSection(ProjectConfigurationPlatforms) = postSolution
		{19DE7314-AADA-4386-86FD-DD65BFDC7EE0}.Debug|Any CPU.ActiveCfg = Debug|Any CPU
		{19DE7314-AADA-4386-86FD-DD65BFDC7EE0}.Debug|Any CPU.Build.0 = Debug|Any CPU
		{19DE7314-AADA-4386-86FD-DD65BFDC7EE0}.Debug|x64.ActiveCfg = Debug|x64
		{19DE7314-AADA-4386-86FD-DD65BFDC7EE0}.Debug|x64.Build.0 = Debug|x64
		{19DE7314-AADA-4386-86FD-DD65BFDC7EE0}.Release|Any CPU.ActiveCfg = Release|Any CPU
		{19DE7314-AADA-4386-86FD-DD65BFDC7EE0}.Release|Any CPU.Build.0 = Release|Any CPU
		{19DE7314-AADA-4386-86FD-DD65BFDC7EE0}.Release|x64.ActiveCfg = Release|x64
		{19DE7314-AADA-4386-86FD-DD65BFDC7EE0}.Release|x64.Build.0 = Release|x64
		{1F70AEB0-8B4A-46D1-B4E6-AD2AE27ABD2C}.Debug|Any CPU.ActiveCfg = Debug|x64
		{1F70AEB0-8B4A-46D1-B4E6-AD2AE27ABD2C}.Debug|Any CPU.Build.0 = Debug|x64
		{1F70AEB0-8B4A-46D1-B4E6-AD2AE27ABD2C}.Debug|x64.ActiveCfg = Debug|x64
		{1F70AEB0-8B4A-46D1-B4E6-AD2AE27ABD2C}.Debug|x64.Build.0 = Debug|x64
		{1F70AEB0-8B4A-46D1-B4E6-AD2AE27ABD2C}.Release|Any CPU.ActiveCfg = Release|Any CPU
		{1F70AEB0-8B4A-46D1-B4E6-AD2AE27ABD2C}.Release|Any CPU.Build.0 = Release|Any CPU
		{1F70AEB0-8B4A-46D1-B4E6-AD2AE27ABD2C}.Release|x64.ActiveCfg = Release|x64
		{1F70AEB0-8B4A-46D1-B4E6-AD2AE27ABD2C}.Release|x64.Build.0 = Release|x64
		{CA082826-74F3-4550-876E-0EB13FB3238E}.Debug|Any CPU.ActiveCfg = Debug|Any CPU
		{CA082826-74F3-4550-876E-0EB13FB3238E}.Debug|Any CPU.Build.0 = Debug|Any CPU
		{CA082826-74F3-4550-876E-0EB13FB3238E}.Debug|x64.ActiveCfg = Debug|Any CPU
		{CA082826-74F3-4550-876E-0EB13FB3238E}.Debug|x64.Build.0 = Debug|Any CPU
		{CA082826-74F3-4550-876E-0EB13FB3238E}.Release|Any CPU.ActiveCfg = Release|Any CPU
		{CA082826-74F3-4550-876E-0EB13FB3238E}.Release|Any CPU.Build.0 = Release|Any CPU
		{CA082826-74F3-4550-876E-0EB13FB3238E}.Release|x64.ActiveCfg = Release|Any CPU
		{CA082826-74F3-4550-876E-0EB13FB3238E}.Release|x64.Build.0 = Release|Any CPU
	EndGlobalSection
	GlobalSection(SolutionProperties) = preSolution
		HideSolutionNode = FALSE
	EndGlobalSection
	GlobalSection(ExtensibilityGlobals) = postSolution
		SolutionGuid = {74DD92B9-2CE1-4D5B-AB8B-C4C3FB8B9278}
	EndGlobalSection
EndGlobal
