
Microsoft Visual Studio Solution File, Format Version 12.00
# Visual Studio Version 17
VisualStudioVersion = 17.14.36202.13
MinimumVisualStudioVersion = 10.0.40219.1
Project("{9A19103F-16F7-4668-BE54-9A1E7A4F7556}") = "PokemonTabletopAdventures.CoreApi", "PokemonTabletopAdventures.CoreApi\PokemonTabletopAdventures.CoreApi.csproj", "{19DE7314-AADA-4386-86FD-DD65BFDC7EE0}"
EndProject
Project("{FAE04EC0-301F-11D3-BF4B-00C04F79EFBC}") = "PokemonTabletopAdventures.CoreApi.UnitTests", "PokemonTabletopAdventures.CoreApi.UnitTests\PokemonTabletopAdventures.CoreApi.UnitTests.csproj", "{58013B45-8203-4893-AF5F-DDC7ED10656C}"
EndProject
Project("{FAE04EC0-301F-11D3-BF4B-00C04F79EFBC}") = "PokemonTabletopAdventures.CoreApi.IntegrationTests", "PokemonTabletopAdventures.CoreApi.IntegrationTests\PokemonTabletopAdventures.CoreApi.IntegrationTests.csproj", "{4740268C-C5C0-4E39-8BA7-CBFC08E787E5}"
EndProject
Global
	GlobalSection(SolutionConfigurationPlatforms) = preSolution
		Debug|Any CPU = Debug|Any CPU
		Debug|x64 = Debug|x64
		Release|Any CPU = Release|Any CPU
		Release|x64 = Release|x64
	EndGlobalSection
	GlobalSection(ProjectConfigurationPlatforms) = postSolution
		{19DE7314-AADA-4386-86FD-DD65BFDC7EE0}.Debug|Any CPU.ActiveCfg = Debug|Any CPU
		{19DE7314-AADA-4386-86FD-DD65BFDC7EE0}.Debug|Any CPU.Build.0 = Debug|Any CPU
		{19DE7314-AADA-4386-86FD-DD65BFDC7EE0}.Debug|x64.ActiveCfg = Debug|x64
		{19DE7314-AADA-4386-86FD-DD65BFDC7EE0}.Debug|x64.Build.0 = Debug|x64
		{19DE7314-AADA-4386-86FD-DD65BFDC7EE0}.Release|Any CPU.ActiveCfg = Release|Any CPU
		{19DE7314-AADA-4386-86FD-DD65BFDC7EE0}.Release|Any CPU.Build.0 = Release|Any CPU
		{19DE7314-AADA-4386-86FD-DD65BFDC7EE0}.Release|x64.ActiveCfg = Release|x64
		{19DE7314-AADA-4386-86FD-DD65BFDC7EE0}.Release|x64.Build.0 = Release|x64
		{58013B45-8203-4893-AF5F-DDC7ED10656C}.Debug|Any CPU.ActiveCfg = Debug|Any CPU
		{58013B45-8203-4893-AF5F-DDC7ED10656C}.Debug|Any CPU.Build.0 = Debug|Any CPU
		{58013B45-8203-4893-AF5F-DDC7ED10656C}.Debug|x64.ActiveCfg = Debug|Any CPU
		{58013B45-8203-4893-AF5F-DDC7ED10656C}.Debug|x64.Build.0 = Debug|Any CPU
		{58013B45-8203-4893-AF5F-DDC7ED10656C}.Release|Any CPU.ActiveCfg = Release|Any CPU
		{58013B45-8203-4893-AF5F-DDC7ED10656C}.Release|Any CPU.Build.0 = Release|Any CPU
		{58013B45-8203-4893-AF5F-DDC7ED10656C}.Release|x64.ActiveCfg = Release|Any CPU
		{58013B45-8203-4893-AF5F-DDC7ED10656C}.Release|x64.Build.0 = Release|Any CPU
		{4740268C-C5C0-4E39-8BA7-CBFC08E787E5}.Debug|Any CPU.ActiveCfg = Debug|Any CPU
		{4740268C-C5C0-4E39-8BA7-CBFC08E787E5}.Debug|Any CPU.Build.0 = Debug|Any CPU
		{4740268C-C5C0-4E39-8BA7-CBFC08E787E5}.Debug|x64.ActiveCfg = Debug|Any CPU
		{4740268C-C5C0-4E39-8BA7-CBFC08E787E5}.Debug|x64.Build.0 = Debug|Any CPU
		{4740268C-C5C0-4E39-8BA7-CBFC08E787E5}.Release|Any CPU.ActiveCfg = Release|Any CPU
		{4740268C-C5C0-4E39-8BA7-CBFC08E787E5}.Release|Any CPU.Build.0 = Release|Any CPU
		{4740268C-C5C0-4E39-8BA7-CBFC08E787E5}.Release|x64.ActiveCfg = Release|Any CPU
		{4740268C-C5C0-4E39-8BA7-CBFC08E787E5}.Release|x64.Build.0 = Release|Any CPU
	EndGlobalSection
	GlobalSection(SolutionProperties) = preSolution
		HideSolutionNode = FALSE
	EndGlobalSection
	GlobalSection(ExtensibilityGlobals) = postSolution
		SolutionGuid = {74DD92B9-2CE1-4D5B-AB8B-C4C3FB8B9278}
	EndGlobalSection
EndGlobal
